
Microsoft Visual Studio Solution File, Format Version 12.00
# Visual Studio Version 17
VisualStudioVersion = 17.0.32014.148
MinimumVisualStudioVersion = 10.0.40219.1
Project("{FAE04EC0-301F-11D3-BF4B-00C04F79EFBC}") = "GolfV12.Server", "GolfV12\Server\GolfV12.Server.csproj", "{9C321713-0D6E-41BD-8623-A37800B5CA51}"
EndProject
Project("{FAE04EC0-301F-11D3-BF4B-00C04F79EFBC}") = "GolfV12.Client", "GolfV12\Client\GolfV12.Client.csproj", "{E68AF2B2-2386-4707-8EE9-AFE3053E139E}"
EndProject
Project("{FAE04EC0-301F-11D3-BF4B-00C04F79EFBC}") = "GolfV12.Shared", "GolfV12\Shared\GolfV12.Shared.csproj", "{7CD2C3BB-4552-4768-9B0F-BBBB9A01DD1A}"
EndProject
Global
	GlobalSection(SolutionConfigurationPlatforms) = preSolution
		Debug|Any CPU = Debug|Any CPU
		Release|Any CPU = Release|Any CPU
	EndGlobalSection
	GlobalSection(ProjectConfigurationPlatforms) = postSolution
		{9C321713-0D6E-41BD-8623-A37800B5CA51}.Debug|Any CPU.ActiveCfg = Debug|Any CPU
		{9C321713-0D6E-41BD-8623-A37800B5CA51}.Debug|Any CPU.Build.0 = Debug|Any CPU
		{9C321713-0D6E-41BD-8623-A37800B5CA51}.Release|Any CPU.ActiveCfg = Release|Any CPU
		{9C321713-0D6E-41BD-8623-A37800B5CA51}.Release|Any CPU.Build.0 = Release|Any CPU
		{E68AF2B2-2386-4707-8EE9-AFE3053E139E}.Debug|Any CPU.ActiveCfg = Debug|Any CPU
		{E68AF2B2-2386-4707-8EE9-AFE3053E139E}.Debug|Any CPU.Build.0 = Debug|Any CPU
		{E68AF2B2-2386-4707-8EE9-AFE3053E139E}.Release|Any CPU.ActiveCfg = Release|Any CPU
		{E68AF2B2-2386-4707-8EE9-AFE3053E139E}.Release|Any CPU.Build.0 = Release|Any CPU
		{7CD2C3BB-4552-4768-9B0F-BBBB9A01DD1A}.Debug|Any CPU.ActiveCfg = Debug|Any CPU
		{7CD2C3BB-4552-4768-9B0F-BBBB9A01DD1A}.Debug|Any CPU.Build.0 = Debug|Any CPU
		{7CD2C3BB-4552-4768-9B0F-BBBB9A01DD1A}.Release|Any CPU.ActiveCfg = Release|Any CPU
		{7CD2C3BB-4552-4768-9B0F-BBBB9A01DD1A}.Release|Any CPU.Build.0 = Release|Any CPU
	EndGlobalSection
	GlobalSection(SolutionProperties) = preSolution
		HideSolutionNode = FALSE
	EndGlobalSection
	GlobalSection(ExtensibilityGlobals) = postSolution
		SolutionGuid = {3195C0FD-7CA6-4722-983B-E0C6B6F1E065}
	EndGlobalSection
EndGlobal
